
Microsoft Visual Studio Solution File, Format Version 12.00
# Visual Studio Version 17
VisualStudioVersion = 17.5.33414.496
MinimumVisualStudioVersion = 10.0.40219.1
Project("{9A19103F-16F7-4668-BE54-9A1E7A4F7556}") = "MyProject.Application", "MyProject.Application\MyProject.Application.csproj", "{6E2CC7D1-0756-4F2E-9D7E-C3DD28263B00}"
EndProject
Project("{9A19103F-16F7-4668-BE54-9A1E7A4F7556}") = "MyProject.Domain", "MyProject.Domain\MyProject.Domain.csproj", "{46F70E78-9356-45C1-9D62-6C00E9465FD0}"
EndProject
Global
	GlobalSection(SolutionConfigurationPlatforms) = preSolution
		Debug|Any CPU = Debug|Any CPU
		Release|Any CPU = Release|Any CPU
	EndGlobalSection
	GlobalSection(ProjectConfigurationPlatforms) = postSolution
		{6E2CC7D1-0756-4F2E-9D7E-C3DD28263B00}.Debug|Any CPU.ActiveCfg = Debug|Any CPU
		{6E2CC7D1-0756-4F2E-9D7E-C3DD28263B00}.Debug|Any CPU.Build.0 = Debug|Any CPU
		{6E2CC7D1-0756-4F2E-9D7E-C3DD28263B00}.Release|Any CPU.ActiveCfg = Release|Any CPU
		{6E2CC7D1-0756-4F2E-9D7E-C3DD28263B00}.Release|Any CPU.Build.0 = Release|Any CPU
		{46F70E78-9356-45C1-9D62-6C00E9465FD0}.Debug|Any CPU.ActiveCfg = Debug|Any CPU
		{46F70E78-9356-45C1-9D62-6C00E9465FD0}.Debug|Any CPU.Build.0 = Debug|Any CPU
		{46F70E78-9356-45C1-9D62-6C00E9465FD0}.Release|Any CPU.ActiveCfg = Release|Any CPU
		{46F70E78-9356-45C1-9D62-6C00E9465FD0}.Release|Any CPU.Build.0 = Release|Any CPU
	EndGlobalSection
	GlobalSection(SolutionProperties) = preSolution
		HideSolutionNode = FALSE
	EndGlobalSection
	GlobalSection(ExtensibilityGlobals) = postSolution
		SolutionGuid = {3398D0FF-BDF1-4DD6-88CA-71D86F7DDB54}
	EndGlobalSection
EndGlobal
